
Microsoft Visual Studio Solution File, Format Version 12.00
# Visual Studio Version 17
VisualStudioVersion = 17.1.32407.343
MinimumVisualStudioVersion = 10.0.40219.1
Project("{FAE04EC0-301F-11D3-BF4B-00C04F79EFBC}") = "Robo", "Robo\Robo.csproj", "{88255D67-8223-4093-A26B-4107A279096D}"
EndProject
Project("{2150E333-8FDC-42A3-9474-1A3956D46DE8}") = "Solution Items", "Solution Items", "{B89A425E-9FC6-4D9B-84E6-59F4F16620BF}"
EndProject
Global
	GlobalSection(SolutionConfigurationPlatforms) = preSolution
		Debug|Any CPU = Debug|Any CPU
		Release|Any CPU = Release|Any CPU
	EndGlobalSection
	GlobalSection(ProjectConfigurationPlatforms) = postSolution
		{88255D67-8223-4093-A26B-4107A279096D}.Debug|Any CPU.ActiveCfg = Debug|Any CPU
		{88255D67-8223-4093-A26B-4107A279096D}.Debug|Any CPU.Build.0 = Debug|Any CPU
		{88255D67-8223-4093-A26B-4107A279096D}.Release|Any CPU.ActiveCfg = Release|Any CPU
		{88255D67-8223-4093-A26B-4107A279096D}.Release|Any CPU.Build.0 = Release|Any CPU
	EndGlobalSection
	GlobalSection(SolutionProperties) = preSolution
		HideSolutionNode = FALSE
	EndGlobalSection
	GlobalSection(ExtensibilityGlobals) = postSolution
		SolutionGuid = {5ECCAD44-FF69-4D0C-ACDE-F6F724C0FF0C}
	EndGlobalSection
EndGlobal
